
Microsoft Visual Studio Solution File, Format Version 12.00
# Visual Studio 2013
VisualStudioVersion = 12.0.21005.1
MinimumVisualStudioVersion = 10.0.40219.1
Project("{FAE04EC0-301F-11D3-BF4B-00C04F79EFBC}") = "WindowsFormsApplication1", "WindowsFormsApplication1\WindowsFormsApplication1.csproj", "{82A82EB2-1574-4E03-85AF-98792F09866F}"
EndProject
Project("{FAE04EC0-301F-11D3-BF4B-00C04F79EFBC}") = "Empresa", "Empresa\Empresa.csproj", "{6CCACA66-401F-4C20-B055-67A64402C026}"
EndProject
Project("{FAE04EC0-301F-11D3-BF4B-00C04F79EFBC}") = "DataAccess", "DataAccess\DataAccess.csproj", "{CFF75847-CF57-4A18-9EED-1857C0B41F61}"
EndProject
Project("{FAE04EC0-301F-11D3-BF4B-00C04F79EFBC}") = "Model", "Model\Model.csproj", "{244838CB-DB81-4246-AD36-0E8F9842EB80}"
EndProject
Global
	GlobalSection(SolutionConfigurationPlatforms) = preSolution
		Debug|Any CPU = Debug|Any CPU
		Release|Any CPU = Release|Any CPU
	EndGlobalSection
	GlobalSection(ProjectConfigurationPlatforms) = postSolution
		{82A82EB2-1574-4E03-85AF-98792F09866F}.Debug|Any CPU.ActiveCfg = Debug|Any CPU
		{82A82EB2-1574-4E03-85AF-98792F09866F}.Debug|Any CPU.Build.0 = Debug|Any CPU
		{82A82EB2-1574-4E03-85AF-98792F09866F}.Release|Any CPU.ActiveCfg = Release|Any CPU
		{82A82EB2-1574-4E03-85AF-98792F09866F}.Release|Any CPU.Build.0 = Release|Any CPU
		{6CCACA66-401F-4C20-B055-67A64402C026}.Debug|Any CPU.ActiveCfg = Debug|Any CPU
		{6CCACA66-401F-4C20-B055-67A64402C026}.Debug|Any CPU.Build.0 = Debug|Any CPU
		{6CCACA66-401F-4C20-B055-67A64402C026}.Release|Any CPU.ActiveCfg = Release|Any CPU
		{6CCACA66-401F-4C20-B055-67A64402C026}.Release|Any CPU.Build.0 = Release|Any CPU
		{CFF75847-CF57-4A18-9EED-1857C0B41F61}.Debug|Any CPU.ActiveCfg = Debug|Any CPU
		{CFF75847-CF57-4A18-9EED-1857C0B41F61}.Debug|Any CPU.Build.0 = Debug|Any CPU
		{CFF75847-CF57-4A18-9EED-1857C0B41F61}.Release|Any CPU.ActiveCfg = Release|Any CPU
		{CFF75847-CF57-4A18-9EED-1857C0B41F61}.Release|Any CPU.Build.0 = Release|Any CPU
		{244838CB-DB81-4246-AD36-0E8F9842EB80}.Debug|Any CPU.ActiveCfg = Debug|Any CPU
		{244838CB-DB81-4246-AD36-0E8F9842EB80}.Debug|Any CPU.Build.0 = Debug|Any CPU
		{244838CB-DB81-4246-AD36-0E8F9842EB80}.Release|Any CPU.ActiveCfg = Release|Any CPU
		{244838CB-DB81-4246-AD36-0E8F9842EB80}.Release|Any CPU.Build.0 = Release|Any CPU
	EndGlobalSection
	GlobalSection(SolutionProperties) = preSolution
		HideSolutionNode = FALSE
	EndGlobalSection
EndGlobal
